// !$*UTF8*$!
{
	archiveVersion = 1;
	classes = {
	};
	objectVersion = 50;
	objects = {

/* Begin PBXBuildFile section */
		C9D4BD53262167660016C747 /* AppDelegate.swift in Sources */ = {isa = PBXBuildFile; fileRef = C9D4BD52262167660016C747 /* AppDelegate.swift */; };
		C9D4BD55262167660016C747 /* SceneDelegate.swift in Sources */ = {isa = PBXBuildFile; fileRef = C9D4BD54262167660016C747 /* SceneDelegate.swift */; };
		C9D4BD5C262167660016C747 /* Assets.xcassets in Resources */ = {isa = PBXBuildFile; fileRef = C9D4BD5B262167660016C747 /* Assets.xcassets */; };
		C9D4BD5F262167660016C747 /* LaunchScreen.storyboard in Resources */ = {isa = PBXBuildFile; fileRef = C9D4BD5D262167660016C747 /* LaunchScreen.storyboard */; };
		C9D4BD6C2621687A0016C747 /* Logos.json in Resources */ = {isa = PBXBuildFile; fileRef = C9D4BD6B2621687A0016C747 /* Logos.json */; };
		C9D4BD70262168EE0016C747 /* Bundle+decode.swift in Sources */ = {isa = PBXBuildFile; fileRef = C9D4BD6F262168EE0016C747 /* Bundle+decode.swift */; };
		C9D4BD7826216A990016C747 /* UIImage+fromURL.swift in Sources */ = {isa = PBXBuildFile; fileRef = C9D4BD7726216A990016C747 /* UIImage+fromURL.swift */; };
		C9D4BD8026216C2D0016C747 /* PlayGameViewController.swift in Sources */ = {isa = PBXBuildFile; fileRef = C9D4BD7E26216C2D0016C747 /* PlayGameViewController.swift */; };
		C9D4BD8126216C2D0016C747 /* PlayGameViewController.xib in Resources */ = {isa = PBXBuildFile; fileRef = C9D4BD7F26216C2D0016C747 /* PlayGameViewController.xib */; };
		C9D4BD8526216C3C0016C747 /* PlayGameViewModel.swift in Sources */ = {isa = PBXBuildFile; fileRef = C9D4BD8426216C3C0016C747 /* PlayGameViewModel.swift */; };
		C9D4BD8C26216C870016C747 /* AppCoordinator.swift in Sources */ = {isa = PBXBuildFile; fileRef = C9D4BD8B26216C870016C747 /* AppCoordinator.swift */; };
/* End PBXBuildFile section */

/* Begin PBXFileReference section */
		C9D4BD4F262167660016C747 /* Logo-Quiz.app */ = {isa = PBXFileReference; explicitFileType = wrapper.application; includeInIndex = 0; path = "Logo-Quiz.app"; sourceTree = BUILT_PRODUCTS_DIR; };
		C9D4BD52262167660016C747 /* AppDelegate.swift */ = {isa = PBXFileReference; lastKnownFileType = sourcecode.swift; path = AppDelegate.swift; sourceTree = "<group>"; };
		C9D4BD54262167660016C747 /* SceneDelegate.swift */ = {isa = PBXFileReference; lastKnownFileType = sourcecode.swift; path = SceneDelegate.swift; sourceTree = "<group>"; };
		C9D4BD5B262167660016C747 /* Assets.xcassets */ = {isa = PBXFileReference; lastKnownFileType = folder.assetcatalog; path = Assets.xcassets; sourceTree = "<group>"; };
		C9D4BD5E262167660016C747 /* Base */ = {isa = PBXFileReference; lastKnownFileType = file.storyboard; name = Base; path = Base.lproj/LaunchScreen.storyboard; sourceTree = "<group>"; };
		C9D4BD60262167660016C747 /* Info.plist */ = {isa = PBXFileReference; lastKnownFileType = text.plist.xml; path = Info.plist; sourceTree = "<group>"; };
		C9D4BD6B2621687A0016C747 /* Logos.json */ = {isa = PBXFileReference; lastKnownFileType = text.json; path = Logos.json; sourceTree = "<group>"; };
		C9D4BD6F262168EE0016C747 /* Bundle+decode.swift */ = {isa = PBXFileReference; lastKnownFileType = sourcecode.swift; path = "Bundle+decode.swift"; sourceTree = "<group>"; };
		C9D4BD7726216A990016C747 /* UIImage+fromURL.swift */ = {isa = PBXFileReference; lastKnownFileType = sourcecode.swift; path = "UIImage+fromURL.swift"; sourceTree = "<group>"; };
		C9D4BD7E26216C2D0016C747 /* PlayGameViewController.swift */ = {isa = PBXFileReference; lastKnownFileType = sourcecode.swift; path = PlayGameViewController.swift; sourceTree = "<group>"; };
		C9D4BD7F26216C2D0016C747 /* PlayGameViewController.xib */ = {isa = PBXFileReference; lastKnownFileType = file.xib; path = PlayGameViewController.xib; sourceTree = "<group>"; };
		C9D4BD8426216C3C0016C747 /* PlayGameViewModel.swift */ = {isa = PBXFileReference; lastKnownFileType = sourcecode.swift; path = PlayGameViewModel.swift; sourceTree = "<group>"; };
		C9D4BD8B26216C870016C747 /* AppCoordinator.swift */ = {isa = PBXFileReference; lastKnownFileType = sourcecode.swift; path = AppCoordinator.swift; sourceTree = "<group>"; };
/* End PBXFileReference section */

/* Begin PBXFrameworksBuildPhase section */
		C9D4BD4C262167660016C747 /* Frameworks */ = {
			isa = PBXFrameworksBuildPhase;
			buildActionMask = 2147483647;
			files = (
			);
			runOnlyForDeploymentPostprocessing = 0;
		};
/* End PBXFrameworksBuildPhase section */

/* Begin PBXGroup section */
		C9D4BD46262167660016C747 = {
			isa = PBXGroup;
			children = (
				C9D4BD51262167660016C747 /* Logo-Quiz */,
				C9D4BD50262167660016C747 /* Products */,
			);
			sourceTree = "<group>";
		};
		C9D4BD50262167660016C747 /* Products */ = {
			isa = PBXGroup;
			children = (
				C9D4BD4F262167660016C747 /* Logo-Quiz.app */,
			);
			name = Products;
			sourceTree = "<group>";
		};
		C9D4BD51262167660016C747 /* Logo-Quiz */ = {
			isa = PBXGroup;
			children = (
				C9D4BD7D26216C0C0016C747 /* GameScreen */,
				C9D4BD6E262168C40016C747 /* Utilities */,
				C9D4BD6A262168570016C747 /* Resources */,
				C9D4BD67262168360016C747 /* Network */,
				C9D4BD52262167660016C747 /* AppDelegate.swift */,
				C9D4BD54262167660016C747 /* SceneDelegate.swift */,
				C9D4BD60262167660016C747 /* Info.plist */,
				C9D4BD8B26216C870016C747 /* AppCoordinator.swift */,
			);
			path = "Logo-Quiz";
			sourceTree = "<group>";
		};
		C9D4BD67262168360016C747 /* Network */ = {
			isa = PBXGroup;
			children = (
			);
			path = Network;
			sourceTree = "<group>";
		};
		C9D4BD6A262168570016C747 /* Resources */ = {
			isa = PBXGroup;
			children = (
				C9D4BD5B262167660016C747 /* Assets.xcassets */,
				C9D4BD5D262167660016C747 /* LaunchScreen.storyboard */,
				C9D4BD6B2621687A0016C747 /* Logos.json */,
			);
			path = Resources;
			sourceTree = "<group>";
		};
		C9D4BD6E262168C40016C747 /* Utilities */ = {
			isa = PBXGroup;
			children = (
				C9D4BD6F262168EE0016C747 /* Bundle+decode.swift */,
				C9D4BD7726216A990016C747 /* UIImage+fromURL.swift */,
			);
			path = Utilities;
			sourceTree = "<group>";
		};
		C9D4BD7D26216C0C0016C747 /* GameScreen */ = {
			isa = PBXGroup;
			children = (
				C9D4BD7E26216C2D0016C747 /* PlayGameViewController.swift */,
				C9D4BD7F26216C2D0016C747 /* PlayGameViewController.xib */,
				C9D4BD8426216C3C0016C747 /* PlayGameViewModel.swift */,
			);
			path = GameScreen;
			sourceTree = "<group>";
		};
/* End PBXGroup section */

/* Begin PBXNativeTarget section */
		C9D4BD4E262167660016C747 /* Logo-Quiz */ = {
			isa = PBXNativeTarget;
			buildConfigurationList = C9D4BD63262167660016C747 /* Build configuration list for PBXNativeTarget "Logo-Quiz" */;
			buildPhases = (
				C9D4BD4B262167660016C747 /* Sources */,
				C9D4BD4C262167660016C747 /* Frameworks */,
				C9D4BD4D262167660016C747 /* Resources */,
			);
			buildRules = (
			);
			dependencies = (
			);
			name = "Logo-Quiz";
			productName = "Logo-Quiz";
			productReference = C9D4BD4F262167660016C747 /* Logo-Quiz.app */;
			productType = "com.apple.product-type.application";
		};
/* End PBXNativeTarget section */

/* Begin PBXProject section */
		C9D4BD47262167660016C747 /* Project object */ = {
			isa = PBXProject;
			attributes = {
				LastSwiftUpdateCheck = 1240;
				LastUpgradeCheck = 1240;
				TargetAttributes = {
					C9D4BD4E262167660016C747 = {
						CreatedOnToolsVersion = 12.4;
					};
				};
			};
			buildConfigurationList = C9D4BD4A262167660016C747 /* Build configuration list for PBXProject "Logo-Quiz" */;
			compatibilityVersion = "Xcode 9.3";
			developmentRegion = en;
			hasScannedForEncodings = 0;
			knownRegions = (
				en,
				Base,
			);
			mainGroup = C9D4BD46262167660016C747;
			productRefGroup = C9D4BD50262167660016C747 /* Products */;
			projectDirPath = "";
			projectRoot = "";
			targets = (
				C9D4BD4E262167660016C747 /* Logo-Quiz */,
			);
		};
/* End PBXProject section */

/* Begin PBXResourcesBuildPhase section */
		C9D4BD4D262167660016C747 /* Resources */ = {
			isa = PBXResourcesBuildPhase;
			buildActionMask = 2147483647;
			files = (
				C9D4BD5F262167660016C747 /* LaunchScreen.storyboard in Resources */,
				C9D4BD8126216C2D0016C747 /* PlayGameViewController.xib in Resources */,
				C9D4BD5C262167660016C747 /* Assets.xcassets in Resources */,
				C9D4BD6C2621687A0016C747 /* Logos.json in Resources */,
			);
			runOnlyForDeploymentPostprocessing = 0;
		};
/* End PBXResourcesBuildPhase section */

/* Begin PBXSourcesBuildPhase section */
		C9D4BD4B262167660016C747 /* Sources */ = {
			isa = PBXSourcesBuildPhase;
			buildActionMask = 2147483647;
			files = (
				C9D4BD8026216C2D0016C747 /* PlayGameViewController.swift in Sources */,
				C9D4BD53262167660016C747 /* AppDelegate.swift in Sources */,
				C9D4BD55262167660016C747 /* SceneDelegate.swift in Sources */,
				C9D4BD7826216A990016C747 /* UIImage+fromURL.swift in Sources */,
				C9D4BD8526216C3C0016C747 /* PlayGameViewModel.swift in Sources */,
				C9D4BD70262168EE0016C747 /* Bundle+decode.swift in Sources */,
				C9D4BD8C26216C870016C747 /* AppCoordinator.swift in Sources */,
			);
			runOnlyForDeploymentPostprocessing = 0;
		};
/* End PBXSourcesBuildPhase section */

/* Begin PBXVariantGroup section */
		C9D4BD5D262167660016C747 /* LaunchScreen.storyboard */ = {
			isa = PBXVariantGroup;
			children = (
				C9D4BD5E262167660016C747 /* Base */,
			);
			name = LaunchScreen.storyboard;
			sourceTree = "<group>";
		};
/* End PBXVariantGroup section */

/* Begin XCBuildConfiguration section */
		C9D4BD61262167660016C747 /* Debug */ = {
			isa = XCBuildConfiguration;
			buildSettings = {
				ALWAYS_SEARCH_USER_PATHS = NO;
				CLANG_ANALYZER_NONNULL = YES;
				CLANG_ANALYZER_NUMBER_OBJECT_CONVERSION = YES_AGGRESSIVE;
				CLANG_CXX_LANGUAGE_STANDARD = "gnu++14";
				CLANG_CXX_LIBRARY = "libc++";
				CLANG_ENABLE_MODULES = YES;
				CLANG_ENABLE_OBJC_ARC = YES;
				CLANG_ENABLE_OBJC_WEAK = YES;
				CLANG_WARN_BLOCK_CAPTURE_AUTORELEASING = YES;
				CLANG_WARN_BOOL_CONVERSION = YES;
				CLANG_WARN_COMMA = YES;
				CLANG_WARN_CONSTANT_CONVERSION = YES;
				CLANG_WARN_DEPRECATED_OBJC_IMPLEMENTATIONS = YES;
				CLANG_WARN_DIRECT_OBJC_ISA_USAGE = YES_ERROR;
				CLANG_WARN_DOCUMENTATION_COMMENTS = YES;
				CLANG_WARN_EMPTY_BODY = YES;
				CLANG_WARN_ENUM_CONVERSION = YES;
				CLANG_WARN_INFINITE_RECURSION = YES;
				CLANG_WARN_INT_CONVERSION = YES;
				CLANG_WARN_NON_LITERAL_NULL_CONVERSION = YES;
				CLANG_WARN_OBJC_IMPLICIT_RETAIN_SELF = YES;
				CLANG_WARN_OBJC_LITERAL_CONVERSION = YES;
				CLANG_WARN_OBJC_ROOT_CLASS = YES_ERROR;
				CLANG_WARN_QUOTED_INCLUDE_IN_FRAMEWORK_HEADER = YES;
				CLANG_WARN_RANGE_LOOP_ANALYSIS = YES;
				CLANG_WARN_STRICT_PROTOTYPES = YES;
				CLANG_WARN_SUSPICIOUS_MOVE = YES;
				CLANG_WARN_UNGUARDED_AVAILABILITY = YES_AGGRESSIVE;
				CLANG_WARN_UNREACHABLE_CODE = YES;
				CLANG_WARN__DUPLICATE_METHOD_MATCH = YES;
				COPY_PHASE_STRIP = NO;
				DEBUG_INFORMATION_FORMAT = dwarf;
				ENABLE_STRICT_OBJC_MSGSEND = YES;
				ENABLE_TESTABILITY = YES;
				GCC_C_LANGUAGE_STANDARD = gnu11;
				GCC_DYNAMIC_NO_PIC = NO;
				GCC_NO_COMMON_BLOCKS = YES;
				GCC_OPTIMIZATION_LEVEL = 0;
				GCC_PREPROCESSOR_DEFINITIONS = (
					"DEBUG=1",
					"$(inherited)",
				);
				GCC_WARN_64_TO_32_BIT_CONVERSION = YES;
				GCC_WARN_ABOUT_RETURN_TYPE = YES_ERROR;
				GCC_WARN_UNDECLARED_SELECTOR = YES;
				GCC_WARN_UNINITIALIZED_AUTOS = YES_AGGRESSIVE;
				GCC_WARN_UNUSED_FUNCTION = YES;
				GCC_WARN_UNUSED_VARIABLE = YES;
				IPHONEOS_DEPLOYMENT_TARGET = 14.4;
				MTL_ENABLE_DEBUG_INFO = INCLUDE_SOURCE;
				MTL_FAST_MATH = YES;
				ONLY_ACTIVE_ARCH = YES;
				SDKROOT = iphoneos;
				SWIFT_ACTIVE_COMPILATION_CONDITIONS = DEBUG;
				SWIFT_OPTIMIZATION_LEVEL = "-Onone";
			};
			name = Debug;
		};
		C9D4BD62262167660016C747 /* Release */ = {
			isa = XCBuildConfiguration;
			buildSettings = {
				ALWAYS_SEARCH_USER_PATHS = NO;
				CLANG_ANALYZER_NONNULL = YES;
				CLANG_ANALYZER_NUMBER_OBJECT_CONVERSION = YES_AGGRESSIVE;
				CLANG_CXX_LANGUAGE_STANDARD = "gnu++14";
				CLANG_CXX_LIBRARY = "libc++";
				CLANG_ENABLE_MODULES = YES;
				CLANG_ENABLE_OBJC_ARC = YES;
				CLANG_ENABLE_OBJC_WEAK = YES;
				CLANG_WARN_BLOCK_CAPTURE_AUTORELEASING = YES;
				CLANG_WARN_BOOL_CONVERSION = YES;
				CLANG_WARN_COMMA = YES;
				CLANG_WARN_CONSTANT_CONVERSION = YES;
				CLANG_WARN_DEPRECATED_OBJC_IMPLEMENTATIONS = YES;
				CLANG_WARN_DIRECT_OBJC_ISA_USAGE = YES_ERROR;
				CLANG_WARN_DOCUMENTATION_COMMENTS = YES;
				CLANG_WARN_EMPTY_BODY = YES;
				CLANG_WARN_ENUM_CONVERSION = YES;
				CLANG_WARN_INFINITE_RECURSION = YES;
				CLANG_WARN_INT_CONVERSION = YES;
				CLANG_WARN_NON_LITERAL_NULL_CONVERSION = YES;
				CLANG_WARN_OBJC_IMPLICIT_RETAIN_SELF = YES;
				CLANG_WARN_OBJC_LITERAL_CONVERSION = YES;
				CLANG_WARN_OBJC_ROOT_CLASS = YES_ERROR;
				CLANG_WARN_QUOTED_INCLUDE_IN_FRAMEWORK_HEADER = YES;
				CLANG_WARN_RANGE_LOOP_ANALYSIS = YES;
				CLANG_WARN_STRICT_PROTOTYPES = YES;
				CLANG_WARN_SUSPICIOUS_MOVE = YES;
				CLANG_WARN_UNGUARDED_AVAILABILITY = YES_AGGRESSIVE;
				CLANG_WARN_UNREACHABLE_CODE = YES;
				CLANG_WARN__DUPLICATE_METHOD_MATCH = YES;
				COPY_PHASE_STRIP = NO;
				DEBUG_INFORMATION_FORMAT = "dwarf-with-dsym";
				ENABLE_NS_ASSERTIONS = NO;
				ENABLE_STRICT_OBJC_MSGSEND = YES;
				GCC_C_LANGUAGE_STANDARD = gnu11;
				GCC_NO_COMMON_BLOCKS = YES;
				GCC_WARN_64_TO_32_BIT_CONVERSION = YES;
				GCC_WARN_ABOUT_RETURN_TYPE = YES_ERROR;
				GCC_WARN_UNDECLARED_SELECTOR = YES;
				GCC_WARN_UNINITIALIZED_AUTOS = YES_AGGRESSIVE;
				GCC_WARN_UNUSED_FUNCTION = YES;
				GCC_WARN_UNUSED_VARIABLE = YES;
				IPHONEOS_DEPLOYMENT_TARGET = 14.4;
				MTL_ENABLE_DEBUG_INFO = NO;
				MTL_FAST_MATH = YES;
				SDKROOT = iphoneos;
				SWIFT_COMPILATION_MODE = wholemodule;
				SWIFT_OPTIMIZATION_LEVEL = "-O";
				VALIDATE_PRODUCT = YES;
			};
			name = Release;
		};
		C9D4BD64262167660016C747 /* Debug */ = {
			isa = XCBuildConfiguration;
			buildSettings = {
				ASSETCATALOG_COMPILER_APPICON_NAME = AppIcon;
				ASSETCATALOG_COMPILER_GLOBAL_ACCENT_COLOR_NAME = AccentColor;
				CODE_SIGN_IDENTITY = "Apple Development";
				CODE_SIGN_STYLE = Automatic;
				DEVELOPMENT_TEAM = "";
				INFOPLIST_FILE = "Logo-Quiz/Info.plist";
				IPHONEOS_DEPLOYMENT_TARGET = 13.0;
				LD_RUNPATH_SEARCH_PATHS = (
					"$(inherited)",
					"@executable_path/Frameworks",
				);
				PRODUCT_BUNDLE_IDENTIFIER = "ind.vishal.Logo-Quiz";
				PRODUCT_NAME = "$(TARGET_NAME)";
				PROVISIONING_PROFILE_SPECIFIER = "";
				SWIFT_VERSION = 5.0;
				TARGETED_DEVICE_FAMILY = "1,2";
			};
			name = Debug;
		};
		C9D4BD65262167660016C747 /* Release */ = {
			isa = XCBuildConfiguration;
			buildSettings = {
				ASSETCATALOG_COMPILER_APPICON_NAME = AppIcon;
				ASSETCATALOG_COMPILER_GLOBAL_ACCENT_COLOR_NAME = AccentColor;
				CODE_SIGN_IDENTITY = "Apple Development";
				CODE_SIGN_STYLE = Automatic;
				DEVELOPMENT_TEAM = "";
				INFOPLIST_FILE = "Logo-Quiz/Info.plist";
				IPHONEOS_DEPLOYMENT_TARGET = 13.0;
				LD_RUNPATH_SEARCH_PATHS = (
					"$(inherited)",
					"@executable_path/Frameworks",
				);
				PRODUCT_BUNDLE_IDENTIFIER = "ind.vishal.Logo-Quiz";
				PRODUCT_NAME = "$(TARGET_NAME)";
				PROVISIONING_PROFILE_SPECIFIER = "";
				SWIFT_VERSION = 5.0;
				TARGETED_DEVICE_FAMILY = "1,2";
			};
			name = Release;
		};
/* End XCBuildConfiguration section */

/* Begin XCConfigurationList section */
		C9D4BD4A262167660016C747 /* Build configuration list for PBXProject "Logo-Quiz" */ = {
			isa = XCConfigurationList;
			buildConfigurations = (
				C9D4BD61262167660016C747 /* Debug */,
				C9D4BD62262167660016C747 /* Release */,
			);
			defaultConfigurationIsVisible = 0;
			defaultConfigurationName = Release;
		};
		C9D4BD63262167660016C747 /* Build configuration list for PBXNativeTarget "Logo-Quiz" */ = {
			isa = XCConfigurationList;
			buildConfigurations = (
				C9D4BD64262167660016C747 /* Debug */,
				C9D4BD65262167660016C747 /* Release */,
			);
			defaultConfigurationIsVisible = 0;
			defaultConfigurationName = Release;
		};
/* End XCConfigurationList section */
	};
	rootObject = C9D4BD47262167660016C747 /* Project object */;
}
